// !$*UTF8*$!
{
	archiveVersion = 1;
	classes = {
	};
	objectVersion = 55;
	objects = {

/* Begin PBXBuildFile section */
		0307EFB62818E438004650C4 /* ChooseApp.swift in Sources */ = {isa = PBXBuildFile; fileRef = 0307EFB52818E438004650C4 /* ChooseApp.swift */; };
		0307EFB82818E438004650C4 /* ContentView.swift in Sources */ = {isa = PBXBuildFile; fileRef = 0307EFB72818E438004650C4 /* ContentView.swift */; };
		0307EFBA2818E43B004650C4 /* Assets.xcassets in Resources */ = {isa = PBXBuildFile; fileRef = 0307EFB92818E43B004650C4 /* Assets.xcassets */; };
		0307EFBD2818E43B004650C4 /* Preview Assets.xcassets in Resources */ = {isa = PBXBuildFile; fileRef = 0307EFBC2818E43B004650C4 /* Preview Assets.xcassets */; };
		0307EFC72818E43B004650C4 /* ChooseTests.swift in Sources */ = {isa = PBXBuildFile; fileRef = 0307EFC62818E43B004650C4 /* ChooseTests.swift */; };
		0307EFD12818E43B004650C4 /* ChooseUITests.swift in Sources */ = {isa = PBXBuildFile; fileRef = 0307EFD02818E43B004650C4 /* ChooseUITests.swift */; };
		0307EFD32818E43B004650C4 /* ChooseUITestsLaunchTests.swift in Sources */ = {isa = PBXBuildFile; fileRef = 0307EFD22818E43B004650C4 /* ChooseUITestsLaunchTests.swift */; };
		0307EFE02818E69E004650C4 /* TouchRecognizer.swift in Sources */ = {isa = PBXBuildFile; fileRef = 0307EFDF2818E69E004650C4 /* TouchRecognizer.swift */; };
		0307EFE22818EDD3004650C4 /* TouchArea.swift in Sources */ = {isa = PBXBuildFile; fileRef = 0307EFE12818EDD3004650C4 /* TouchArea.swift */; };
		0307EFE42818F92B004650C4 /* DragThenPress.swift in Sources */ = {isa = PBXBuildFile; fileRef = 0307EFE32818F92B004650C4 /* DragThenPress.swift */; };
/* End PBXBuildFile section */

/* Begin PBXContainerItemProxy section */
		0307EFC32818E43B004650C4 /* PBXContainerItemProxy */ = {
			isa = PBXContainerItemProxy;
			containerPortal = 0307EFAA2818E438004650C4 /* Project object */;
			proxyType = 1;
			remoteGlobalIDString = 0307EFB12818E438004650C4;
			remoteInfo = Choose;
		};
		0307EFCD2818E43B004650C4 /* PBXContainerItemProxy */ = {
			isa = PBXContainerItemProxy;
			containerPortal = 0307EFAA2818E438004650C4 /* Project object */;
			proxyType = 1;
			remoteGlobalIDString = 0307EFB12818E438004650C4;
			remoteInfo = Choose;
		};
/* End PBXContainerItemProxy section */

/* Begin PBXFileReference section */
		0307EFB22818E438004650C4 /* Choose.app */ = {isa = PBXFileReference; explicitFileType = wrapper.application; includeInIndex = 0; path = Choose.app; sourceTree = BUILT_PRODUCTS_DIR; };
		0307EFB52818E438004650C4 /* ChooseApp.swift */ = {isa = PBXFileReference; lastKnownFileType = sourcecode.swift; path = ChooseApp.swift; sourceTree = "<group>"; };
		0307EFB72818E438004650C4 /* ContentView.swift */ = {isa = PBXFileReference; lastKnownFileType = sourcecode.swift; path = ContentView.swift; sourceTree = "<group>"; };
		0307EFB92818E43B004650C4 /* Assets.xcassets */ = {isa = PBXFileReference; lastKnownFileType = folder.assetcatalog; path = Assets.xcassets; sourceTree = "<group>"; };
		0307EFBC2818E43B004650C4 /* Preview Assets.xcassets */ = {isa = PBXFileReference; lastKnownFileType = folder.assetcatalog; path = "Preview Assets.xcassets"; sourceTree = "<group>"; };
		0307EFC22818E43B004650C4 /* ChooseTests.xctest */ = {isa = PBXFileReference; explicitFileType = wrapper.cfbundle; includeInIndex = 0; path = ChooseTests.xctest; sourceTree = BUILT_PRODUCTS_DIR; };
		0307EFC62818E43B004650C4 /* ChooseTests.swift */ = {isa = PBXFileReference; lastKnownFileType = sourcecode.swift; path = ChooseTests.swift; sourceTree = "<group>"; };
		0307EFCC2818E43B004650C4 /* ChooseUITests.xctest */ = {isa = PBXFileReference; explicitFileType = wrapper.cfbundle; includeInIndex = 0; path = ChooseUITests.xctest; sourceTree = BUILT_PRODUCTS_DIR; };
		0307EFD02818E43B004650C4 /* ChooseUITests.swift */ = {isa = PBXFileReference; lastKnownFileType = sourcecode.swift; path = ChooseUITests.swift; sourceTree = "<group>"; };
		0307EFD22818E43B004650C4 /* ChooseUITestsLaunchTests.swift */ = {isa = PBXFileReference; lastKnownFileType = sourcecode.swift; path = ChooseUITestsLaunchTests.swift; sourceTree = "<group>"; };
		0307EFDF2818E69E004650C4 /* TouchRecognizer.swift */ = {isa = PBXFileReference; lastKnownFileType = sourcecode.swift; path = TouchRecognizer.swift; sourceTree = "<group>"; };
		0307EFE12818EDD3004650C4 /* TouchArea.swift */ = {isa = PBXFileReference; lastKnownFileType = sourcecode.swift; path = TouchArea.swift; sourceTree = "<group>"; };
		0307EFE32818F92B004650C4 /* DragThenPress.swift */ = {isa = PBXFileReference; lastKnownFileType = sourcecode.swift; path = DragThenPress.swift; sourceTree = "<group>"; };
/* End PBXFileReference section */

/* Begin PBXFrameworksBuildPhase section */
		0307EFAF2818E438004650C4 /* Frameworks */ = {
			isa = PBXFrameworksBuildPhase;
			buildActionMask = 2147483647;
			files = (
			);
			runOnlyForDeploymentPostprocessing = 0;
		};
		0307EFBF2818E43B004650C4 /* Frameworks */ = {
			isa = PBXFrameworksBuildPhase;
			buildActionMask = 2147483647;
			files = (
			);
			runOnlyForDeploymentPostprocessing = 0;
		};
		0307EFC92818E43B004650C4 /* Frameworks */ = {
			isa = PBXFrameworksBuildPhase;
			buildActionMask = 2147483647;
			files = (
			);
			runOnlyForDeploymentPostprocessing = 0;
		};
/* End PBXFrameworksBuildPhase section */

/* Begin PBXGroup section */
		0307EFA92818E438004650C4 = {
			isa = PBXGroup;
			children = (
				0307EFB42818E438004650C4 /* Choose */,
				0307EFC52818E43B004650C4 /* ChooseTests */,
				0307EFCF2818E43B004650C4 /* ChooseUITests */,
				0307EFB32818E438004650C4 /* Products */,
			);
			sourceTree = "<group>";
		};
		0307EFB32818E438004650C4 /* Products */ = {
			isa = PBXGroup;
			children = (
				0307EFB22818E438004650C4 /* Choose.app */,
				0307EFC22818E43B004650C4 /* ChooseTests.xctest */,
				0307EFCC2818E43B004650C4 /* ChooseUITests.xctest */,
			);
			name = Products;
			sourceTree = "<group>";
		};
		0307EFB42818E438004650C4 /* Choose */ = {
			isa = PBXGroup;
			children = (
				0307EFB52818E438004650C4 /* ChooseApp.swift */,
				0307EFB72818E438004650C4 /* ContentView.swift */,
				0307EFB92818E43B004650C4 /* Assets.xcassets */,
				0307EFBB2818E43B004650C4 /* Preview Content */,
				0307EFDF2818E69E004650C4 /* TouchRecognizer.swift */,
				0307EFE12818EDD3004650C4 /* TouchArea.swift */,
				0307EFE32818F92B004650C4 /* DragThenPress.swift */,
			);
			path = Choose;
			sourceTree = "<group>";
		};
		0307EFBB2818E43B004650C4 /* Preview Content */ = {
			isa = PBXGroup;
			children = (
				0307EFBC2818E43B004650C4 /* Preview Assets.xcassets */,
			);
			path = "Preview Content";
			sourceTree = "<group>";
		};
		0307EFC52818E43B004650C4 /* ChooseTests */ = {
			isa = PBXGroup;
			children = (
				0307EFC62818E43B004650C4 /* ChooseTests.swift */,
			);
			path = ChooseTests;
			sourceTree = "<group>";
		};
		0307EFCF2818E43B004650C4 /* ChooseUITests */ = {
			isa = PBXGroup;
			children = (
				0307EFD02818E43B004650C4 /* ChooseUITests.swift */,
				0307EFD22818E43B004650C4 /* ChooseUITestsLaunchTests.swift */,
			);
			path = ChooseUITests;
			sourceTree = "<group>";
		};
/* End PBXGroup section */

/* Begin PBXNativeTarget section */
		0307EFB12818E438004650C4 /* Choose */ = {
			isa = PBXNativeTarget;
			buildConfigurationList = 0307EFD62818E43B004650C4 /* Build configuration list for PBXNativeTarget "Choose" */;
			buildPhases = (
				0307EFAE2818E438004650C4 /* Sources */,
				0307EFAF2818E438004650C4 /* Frameworks */,
				0307EFB02818E438004650C4 /* Resources */,
			);
			buildRules = (
			);
			dependencies = (
			);
			name = Choose;
			productName = Choose;
			productReference = 0307EFB22818E438004650C4 /* Choose.app */;
			productType = "com.apple.product-type.application";
		};
		0307EFC12818E43B004650C4 /* ChooseTests */ = {
			isa = PBXNativeTarget;
			buildConfigurationList = 0307EFD92818E43B004650C4 /* Build configuration list for PBXNativeTarget "ChooseTests" */;
			buildPhases = (
				0307EFBE2818E43B004650C4 /* Sources */,
				0307EFBF2818E43B004650C4 /* Frameworks */,
				0307EFC02818E43B004650C4 /* Resources */,
			);
			buildRules = (
			);
			dependencies = (
				0307EFC42818E43B004650C4 /* PBXTargetDependency */,
			);
			name = ChooseTests;
			productName = ChooseTests;
			productReference = 0307EFC22818E43B004650C4 /* ChooseTests.xctest */;
			productType = "com.apple.product-type.bundle.unit-test";
		};
		0307EFCB2818E43B004650C4 /* ChooseUITests */ = {
			isa = PBXNativeTarget;
			buildConfigurationList = 0307EFDC2818E43B004650C4 /* Build configuration list for PBXNativeTarget "ChooseUITests" */;
			buildPhases = (
				0307EFC82818E43B004650C4 /* Sources */,
				0307EFC92818E43B004650C4 /* Frameworks */,
				0307EFCA2818E43B004650C4 /* Resources */,
			);
			buildRules = (
			);
			dependencies = (
				0307EFCE2818E43B004650C4 /* PBXTargetDependency */,
			);
			name = ChooseUITests;
			productName = ChooseUITests;
			productReference = 0307EFCC2818E43B004650C4 /* ChooseUITests.xctest */;
			productType = "com.apple.product-type.bundle.ui-testing";
		};
/* End PBXNativeTarget section */

/* Begin PBXProject section */
		0307EFAA2818E438004650C4 /* Project object */ = {
			isa = PBXProject;
			attributes = {
				BuildIndependentTargetsInParallel = 1;
				LastSwiftUpdateCheck = 1330;
				LastUpgradeCheck = 1330;
				TargetAttributes = {
					0307EFB12818E438004650C4 = {
						CreatedOnToolsVersion = 13.3.1;
					};
					0307EFC12818E43B004650C4 = {
						CreatedOnToolsVersion = 13.3.1;
						TestTargetID = 0307EFB12818E438004650C4;
					};
					0307EFCB2818E43B004650C4 = {
						CreatedOnToolsVersion = 13.3.1;
						TestTargetID = 0307EFB12818E438004650C4;
					};
				};
			};
			buildConfigurationList = 0307EFAD2818E438004650C4 /* Build configuration list for PBXProject "Choose" */;
			compatibilityVersion = "Xcode 13.0";
			developmentRegion = en;
			hasScannedForEncodings = 0;
			knownRegions = (
				en,
				Base,
			);
			mainGroup = 0307EFA92818E438004650C4;
			productRefGroup = 0307EFB32818E438004650C4 /* Products */;
			projectDirPath = "";
			projectRoot = "";
			targets = (
				0307EFB12818E438004650C4 /* Choose */,
				0307EFC12818E43B004650C4 /* ChooseTests */,
				0307EFCB2818E43B004650C4 /* ChooseUITests */,
			);
		};
/* End PBXProject section */

/* Begin PBXResourcesBuildPhase section */
		0307EFB02818E438004650C4 /* Resources */ = {
			isa = PBXResourcesBuildPhase;
			buildActionMask = 2147483647;
			files = (
				0307EFBD2818E43B004650C4 /* Preview Assets.xcassets in Resources */,
				0307EFBA2818E43B004650C4 /* Assets.xcassets in Resources */,
			);
			runOnlyForDeploymentPostprocessing = 0;
		};
		0307EFC02818E43B004650C4 /* Resources */ = {
			isa = PBXResourcesBuildPhase;
			buildActionMask = 2147483647;
			files = (
			);
			runOnlyForDeploymentPostprocessing = 0;
		};
		0307EFCA2818E43B004650C4 /* Resources */ = {
			isa = PBXResourcesBuildPhase;
			buildActionMask = 2147483647;
			files = (
			);
			runOnlyForDeploymentPostprocessing = 0;
		};
/* End PBXResourcesBuildPhase section */

/* Begin PBXSourcesBuildPhase section */
		0307EFAE2818E438004650C4 /* Sources */ = {
			isa = PBXSourcesBuildPhase;
			buildActionMask = 2147483647;
			files = (
				0307EFE42818F92B004650C4 /* DragThenPress.swift in Sources */,
				0307EFB82818E438004650C4 /* ContentView.swift in Sources */,
				0307EFB62818E438004650C4 /* ChooseApp.swift in Sources */,
				0307EFE02818E69E004650C4 /* TouchRecognizer.swift in Sources */,
				0307EFE22818EDD3004650C4 /* TouchArea.swift in Sources */,
			);
			runOnlyForDeploymentPostprocessing = 0;
		};
		0307EFBE2818E43B004650C4 /* Sources */ = {
			isa = PBXSourcesBuildPhase;
			buildActionMask = 2147483647;
			files = (
				0307EFC72818E43B004650C4 /* ChooseTests.swift in Sources */,
			);
			runOnlyForDeploymentPostprocessing = 0;
		};
		0307EFC82818E43B004650C4 /* Sources */ = {
			isa = PBXSourcesBuildPhase;
			buildActionMask = 2147483647;
			files = (
				0307EFD12818E43B004650C4 /* ChooseUITests.swift in Sources */,
				0307EFD32818E43B004650C4 /* ChooseUITestsLaunchTests.swift in Sources */,
			);
			runOnlyForDeploymentPostprocessing = 0;
		};
/* End PBXSourcesBuildPhase section */

/* Begin PBXTargetDependency section */
		0307EFC42818E43B004650C4 /* PBXTargetDependency */ = {
			isa = PBXTargetDependency;
			target = 0307EFB12818E438004650C4 /* Choose */;
			targetProxy = 0307EFC32818E43B004650C4 /* PBXContainerItemProxy */;
		};
		0307EFCE2818E43B004650C4 /* PBXTargetDependency */ = {
			isa = PBXTargetDependency;
			target = 0307EFB12818E438004650C4 /* Choose */;
			targetProxy = 0307EFCD2818E43B004650C4 /* PBXContainerItemProxy */;
		};
/* End PBXTargetDependency section */

/* Begin XCBuildConfiguration section */
		0307EFD42818E43B004650C4 /* Debug */ = {
			isa = XCBuildConfiguration;
			buildSettings = {
				ALWAYS_SEARCH_USER_PATHS = NO;
				CLANG_ANALYZER_NONNULL = YES;
				CLANG_ANALYZER_NUMBER_OBJECT_CONVERSION = YES_AGGRESSIVE;
				CLANG_CXX_LANGUAGE_STANDARD = "gnu++17";
				CLANG_ENABLE_MODULES = YES;
				CLANG_ENABLE_OBJC_ARC = YES;
				CLANG_ENABLE_OBJC_WEAK = YES;
				CLANG_WARN_BLOCK_CAPTURE_AUTORELEASING = YES;
				CLANG_WARN_BOOL_CONVERSION = YES;
				CLANG_WARN_COMMA = YES;
				CLANG_WARN_CONSTANT_CONVERSION = YES;
				CLANG_WARN_DEPRECATED_OBJC_IMPLEMENTATIONS = YES;
				CLANG_WARN_DIRECT_OBJC_ISA_USAGE = YES_ERROR;
				CLANG_WARN_DOCUMENTATION_COMMENTS = YES;
				CLANG_WARN_EMPTY_BODY = YES;
				CLANG_WARN_ENUM_CONVERSION = YES;
				CLANG_WARN_INFINITE_RECURSION = YES;
				CLANG_WARN_INT_CONVERSION = YES;
				CLANG_WARN_NON_LITERAL_NULL_CONVERSION = YES;
				CLANG_WARN_OBJC_IMPLICIT_RETAIN_SELF = YES;
				CLANG_WARN_OBJC_LITERAL_CONVERSION = YES;
				CLANG_WARN_OBJC_ROOT_CLASS = YES_ERROR;
				CLANG_WARN_QUOTED_INCLUDE_IN_FRAMEWORK_HEADER = YES;
				CLANG_WARN_RANGE_LOOP_ANALYSIS = YES;
				CLANG_WARN_STRICT_PROTOTYPES = YES;
				CLANG_WARN_SUSPICIOUS_MOVE = YES;
				CLANG_WARN_UNGUARDED_AVAILABILITY = YES_AGGRESSIVE;
				CLANG_WARN_UNREACHABLE_CODE = YES;
				CLANG_WARN__DUPLICATE_METHOD_MATCH = YES;
				COPY_PHASE_STRIP = NO;
				DEBUG_INFORMATION_FORMAT = dwarf;
				ENABLE_STRICT_OBJC_MSGSEND = YES;
				ENABLE_TESTABILITY = YES;
				GCC_C_LANGUAGE_STANDARD = gnu11;
				GCC_DYNAMIC_NO_PIC = NO;
				GCC_NO_COMMON_BLOCKS = YES;
				GCC_OPTIMIZATION_LEVEL = 0;
				GCC_PREPROCESSOR_DEFINITIONS = (
					"DEBUG=1",
					"$(inherited)",
				);
				GCC_WARN_64_TO_32_BIT_CONVERSION = YES;
				GCC_WARN_ABOUT_RETURN_TYPE = YES_ERROR;
				GCC_WARN_UNDECLARED_SELECTOR = YES;
				GCC_WARN_UNINITIALIZED_AUTOS = YES_AGGRESSIVE;
				GCC_WARN_UNUSED_FUNCTION = YES;
				GCC_WARN_UNUSED_VARIABLE = YES;
				IPHONEOS_DEPLOYMENT_TARGET = 15.4;
				MTL_ENABLE_DEBUG_INFO = INCLUDE_SOURCE;
				MTL_FAST_MATH = YES;
				ONLY_ACTIVE_ARCH = YES;
				SDKROOT = iphoneos;
				SWIFT_ACTIVE_COMPILATION_CONDITIONS = DEBUG;
				SWIFT_OPTIMIZATION_LEVEL = "-Onone";
			};
			name = Debug;
		};
		0307EFD52818E43B004650C4 /* Release */ = {
			isa = XCBuildConfiguration;
			buildSettings = {
				ALWAYS_SEARCH_USER_PATHS = NO;
				CLANG_ANALYZER_NONNULL = YES;
				CLANG_ANALYZER_NUMBER_OBJECT_CONVERSION = YES_AGGRESSIVE;
				CLANG_CXX_LANGUAGE_STANDARD = "gnu++17";
				CLANG_ENABLE_MODULES = YES;
				CLANG_ENABLE_OBJC_ARC = YES;
				CLANG_ENABLE_OBJC_WEAK = YES;
				CLANG_WARN_BLOCK_CAPTURE_AUTORELEASING = YES;
				CLANG_WARN_BOOL_CONVERSION = YES;
				CLANG_WARN_COMMA = YES;
				CLANG_WARN_CONSTANT_CONVERSION = YES;
				CLANG_WARN_DEPRECATED_OBJC_IMPLEMENTATIONS = YES;
				CLANG_WARN_DIRECT_OBJC_ISA_USAGE = YES_ERROR;
				CLANG_WARN_DOCUMENTATION_COMMENTS = YES;
				CLANG_WARN_EMPTY_BODY = YES;
				CLANG_WARN_ENUM_CONVERSION = YES;
				CLANG_WARN_INFINITE_RECURSION = YES;
				CLANG_WARN_INT_CONVERSION = YES;
				CLANG_WARN_NON_LITERAL_NULL_CONVERSION = YES;
				CLANG_WARN_OBJC_IMPLICIT_RETAIN_SELF = YES;
				CLANG_WARN_OBJC_LITERAL_CONVERSION = YES;
				CLANG_WARN_OBJC_ROOT_CLASS = YES_ERROR;
				CLANG_WARN_QUOTED_INCLUDE_IN_FRAMEWORK_HEADER = YES;
				CLANG_WARN_RANGE_LOOP_ANALYSIS = YES;
				CLANG_WARN_STRICT_PROTOTYPES = YES;
				CLANG_WARN_SUSPICIOUS_MOVE = YES;
				CLANG_WARN_UNGUARDED_AVAILABILITY = YES_AGGRESSIVE;
				CLANG_WARN_UNREACHABLE_CODE = YES;
				CLANG_WARN__DUPLICATE_METHOD_MATCH = YES;
				COPY_PHASE_STRIP = NO;
				DEBUG_INFORMATION_FORMAT = "dwarf-with-dsym";
				ENABLE_NS_ASSERTIONS = NO;
				ENABLE_STRICT_OBJC_MSGSEND = YES;
				GCC_C_LANGUAGE_STANDARD = gnu11;
				GCC_NO_COMMON_BLOCKS = YES;
				GCC_WARN_64_TO_32_BIT_CONVERSION = YES;
				GCC_WARN_ABOUT_RETURN_TYPE = YES_ERROR;
				GCC_WARN_UNDECLARED_SELECTOR = YES;
				GCC_WARN_UNINITIALIZED_AUTOS = YES_AGGRESSIVE;
				GCC_WARN_UNUSED_FUNCTION = YES;
				GCC_WARN_UNUSED_VARIABLE = YES;
				IPHONEOS_DEPLOYMENT_TARGET = 15.4;
				MTL_ENABLE_DEBUG_INFO = NO;
				MTL_FAST_MATH = YES;
				SDKROOT = iphoneos;
				SWIFT_COMPILATION_MODE = wholemodule;
				SWIFT_OPTIMIZATION_LEVEL = "-O";
				VALIDATE_PRODUCT = YES;
			};
			name = Release;
		};
		0307EFD72818E43B004650C4 /* Debug */ = {
			isa = XCBuildConfiguration;
			buildSettings = {
				ASSETCATALOG_COMPILER_APPICON_NAME = AppIcon;
				ASSETCATALOG_COMPILER_GLOBAL_ACCENT_COLOR_NAME = AccentColor;
				CODE_SIGN_STYLE = Automatic;
				CURRENT_PROJECT_VERSION = 1;
				DEVELOPMENT_ASSET_PATHS = "\"Choose/Preview Content\"";
				DEVELOPMENT_TEAM = YJTZ9H869C;
				ENABLE_PREVIEWS = YES;
				GENERATE_INFOPLIST_FILE = YES;
				INFOPLIST_KEY_UIApplicationSceneManifest_Generation = YES;
				INFOPLIST_KEY_UIApplicationSupportsIndirectInputEvents = YES;
				INFOPLIST_KEY_UILaunchScreen_Generation = YES;
				INFOPLIST_KEY_UISupportedInterfaceOrientations = "";
				INFOPLIST_KEY_UISupportedInterfaceOrientations_iPad = "UIInterfaceOrientationPortrait UIInterfaceOrientationPortraitUpsideDown UIInterfaceOrientationLandscapeLeft UIInterfaceOrientationLandscapeRight";
				INFOPLIST_KEY_UISupportedInterfaceOrientations_iPhone = "UIInterfaceOrientationPortrait UIInterfaceOrientationLandscapeLeft UIInterfaceOrientationLandscapeRight";
				LD_RUNPATH_SEARCH_PATHS = (
					"$(inherited)",
					"@executable_path/Frameworks",
				);
				MARKETING_VERSION = 1.0;
				PRODUCT_BUNDLE_IDENTIFIER = io.github.lehmacdj.Choose;
				PRODUCT_NAME = "$(TARGET_NAME)";
				SWIFT_EMIT_LOC_STRINGS = YES;
				SWIFT_VERSION = 5.0;
				TARGETED_DEVICE_FAMILY = "1,2";
			};
			name = Debug;
		};
		0307EFD82818E43B004650C4 /* Release */ = {
			isa = XCBuildConfiguration;
			buildSettings = {
				ASSETCATALOG_COMPILER_APPICON_NAME = AppIcon;
				ASSETCATALOG_COMPILER_GLOBAL_ACCENT_COLOR_NAME = AccentColor;
				CODE_SIGN_STYLE = Automatic;
				CURRENT_PROJECT_VERSION = 1;
				DEVELOPMENT_ASSET_PATHS = "\"Choose/Preview Content\"";
				DEVELOPMENT_TEAM = YJTZ9H869C;
				ENABLE_PREVIEWS = YES;
				GENERATE_INFOPLIST_FILE = YES;
				INFOPLIST_KEY_UIApplicationSceneManifest_Generation = YES;
				INFOPLIST_KEY_UIApplicationSupportsIndirectInputEvents = YES;
				INFOPLIST_KEY_UILaunchScreen_Generation = YES;
				INFOPLIST_KEY_UISupportedInterfaceOrientations = "";
				INFOPLIST_KEY_UISupportedInterfaceOrientations_iPad = "UIInterfaceOrientationPortrait UIInterfaceOrientationPortraitUpsideDown UIInterfaceOrientationLandscapeLeft UIInterfaceOrientationLandscapeRight";
				INFOPLIST_KEY_UISupportedInterfaceOrientations_iPhone = "UIInterfaceOrientationPortrait UIInterfaceOrientationLandscapeLeft UIInterfaceOrientationLandscapeRight";
				LD_RUNPATH_SEARCH_PATHS = (
					"$(inherited)",
					"@executable_path/Frameworks",
				);
				MARKETING_VERSION = 1.0;
				PRODUCT_BUNDLE_IDENTIFIER = io.github.lehmacdj.Choose;
				PRODUCT_NAME = "$(TARGET_NAME)";
				SWIFT_EMIT_LOC_STRINGS = YES;
				SWIFT_VERSION = 5.0;
				TARGETED_DEVICE_FAMILY = "1,2";
			};
			name = Release;
		};
		0307EFDA2818E43B004650C4 /* Debug */ = {
			isa = XCBuildConfiguration;
			buildSettings = {
				ALWAYS_EMBED_SWIFT_STANDARD_LIBRARIES = YES;
				BUNDLE_LOADER = "$(TEST_HOST)";
				CODE_SIGN_STYLE = Automatic;
				CURRENT_PROJECT_VERSION = 1;
				GENERATE_INFOPLIST_FILE = YES;
				IPHONEOS_DEPLOYMENT_TARGET = 15.4;
				MARKETING_VERSION = 1.0;
				PRODUCT_BUNDLE_IDENTIFIER = io.github.lehmacdj.ChooseTests;
				PRODUCT_NAME = "$(TARGET_NAME)";
				SWIFT_EMIT_LOC_STRINGS = NO;
				SWIFT_VERSION = 5.0;
				TARGETED_DEVICE_FAMILY = "1,2";
				TEST_HOST = "$(BUILT_PRODUCTS_DIR)/Choose.app/Choose";
			};
			name = Debug;
		};
		0307EFDB2818E43B004650C4 /* Release */ = {
			isa = XCBuildConfiguration;
			buildSettings = {
				ALWAYS_EMBED_SWIFT_STANDARD_LIBRARIES = YES;
				BUNDLE_LOADER = "$(TEST_HOST)";
				CODE_SIGN_STYLE = Automatic;
				CURRENT_PROJECT_VERSION = 1;
				GENERATE_INFOPLIST_FILE = YES;
				IPHONEOS_DEPLOYMENT_TARGET = 15.4;
				MARKETING_VERSION = 1.0;
				PRODUCT_BUNDLE_IDENTIFIER = io.github.lehmacdj.ChooseTests;
				PRODUCT_NAME = "$(TARGET_NAME)";
				SWIFT_EMIT_LOC_STRINGS = NO;
				SWIFT_VERSION = 5.0;
				TARGETED_DEVICE_FAMILY = "1,2";
				TEST_HOST = "$(BUILT_PRODUCTS_DIR)/Choose.app/Choose";
			};
			name = Release;
		};
		0307EFDD2818E43B004650C4 /* Debug */ = {
			isa = XCBuildConfiguration;
			buildSettings = {
				ALWAYS_EMBED_SWIFT_STANDARD_LIBRARIES = YES;
				CODE_SIGN_STYLE = Automatic;
				CURRENT_PROJECT_VERSION = 1;
				GENERATE_INFOPLIST_FILE = YES;
				MARKETING_VERSION = 1.0;
				PRODUCT_BUNDLE_IDENTIFIER = io.github.lehmacdj.ChooseUITests;
				PRODUCT_NAME = "$(TARGET_NAME)";
				SWIFT_EMIT_LOC_STRINGS = NO;
				SWIFT_VERSION = 5.0;
				TARGETED_DEVICE_FAMILY = "1,2";
				TEST_TARGET_NAME = Choose;
			};
			name = Debug;
		};
		0307EFDE2818E43B004650C4 /* Release */ = {
			isa = XCBuildConfiguration;
			buildSettings = {
				ALWAYS_EMBED_SWIFT_STANDARD_LIBRARIES = YES;
				CODE_SIGN_STYLE = Automatic;
				CURRENT_PROJECT_VERSION = 1;
				GENERATE_INFOPLIST_FILE = YES;
				MARKETING_VERSION = 1.0;
				PRODUCT_BUNDLE_IDENTIFIER = io.github.lehmacdj.ChooseUITests;
				PRODUCT_NAME = "$(TARGET_NAME)";
				SWIFT_EMIT_LOC_STRINGS = NO;
				SWIFT_VERSION = 5.0;
				TARGETED_DEVICE_FAMILY = "1,2";
				TEST_TARGET_NAME = Choose;
			};
			name = Release;
		};
/* End XCBuildConfiguration section */

/* Begin XCConfigurationList section */
		0307EFAD2818E438004650C4 /* Build configuration list for PBXProject "Choose" */ = {
			isa = XCConfigurationList;
			buildConfigurations = (
				0307EFD42818E43B004650C4 /* Debug */,
				0307EFD52818E43B004650C4 /* Release */,
			);
			defaultConfigurationIsVisible = 0;
			defaultConfigurationName = Release;
		};
		0307EFD62818E43B004650C4 /* Build configuration list for PBXNativeTarget "Choose" */ = {
			isa = XCConfigurationList;
			buildConfigurations = (
				0307EFD72818E43B004650C4 /* Debug */,
				0307EFD82818E43B004650C4 /* Release */,
			);
			defaultConfigurationIsVisible = 0;
			defaultConfigurationName = Release;
		};
		0307EFD92818E43B004650C4 /* Build configuration list for PBXNativeTarget "ChooseTests" */ = {
			isa = XCConfigurationList;
			buildConfigurations = (
				0307EFDA2818E43B004650C4 /* Debug */,
				0307EFDB2818E43B004650C4 /* Release */,
			);
			defaultConfigurationIsVisible = 0;
			defaultConfigurationName = Release;
		};
		0307EFDC2818E43B004650C4 /* Build configuration list for PBXNativeTarget "ChooseUITests" */ = {
			isa = XCConfigurationList;
			buildConfigurations = (
				0307EFDD2818E43B004650C4 /* Debug */,
				0307EFDE2818E43B004650C4 /* Release */,
			);
			defaultConfigurationIsVisible = 0;
			defaultConfigurationName = Release;
		};
/* End XCConfigurationList section */
	};
	rootObject = 0307EFAA2818E438004650C4 /* Project object */;
}
